# This file is automatically @generated by Cargo.
# It is not intended for manual editing.
version = 3

[[package]]
name = "advent-2018-rust"
version = "0.1.0"
dependencies = [
 "regex-lite",
]

[[package]]
name = "regex-lite"
version = "0.1.0"
source = "registry+https://github.com/rust-lang/crates.io-index"
checksum = "f96ede7f386ba6e910092e7ccdc04176cface62abebea07ed6b46d870ed95ca2"
